
Microsoft Visual Studio Solution File, Format Version 12.00
# Visual Studio Version 17
VisualStudioVersion = 17.9.34902.65
MinimumVisualStudioVersion = 10.0.40219.1
Project("{FAE04EC0-301F-11D3-BF4B-00C04F79EFBC}") = "ModelFirst", "ModelFirst\ModelFirst.csproj", "{55736AB4-282E-45E1-8545-7D8772EC3133}"
EndProject
Global
	GlobalSection(SolutionConfigurationPlatforms) = preSolution
		Debug|Any CPU = Debug|Any CPU
		Release|Any CPU = Release|Any CPU
	EndGlobalSection
	GlobalSection(ProjectConfigurationPlatforms) = postSolution
		{55736AB4-282E-45E1-8545-7D8772EC3133}.Debug|Any CPU.ActiveCfg = Debug|Any CPU
		{55736AB4-282E-45E1-8545-7D8772EC3133}.Debug|Any CPU.Build.0 = Debug|Any CPU
		{55736AB4-282E-45E1-8545-7D8772EC3133}.Release|Any CPU.ActiveCfg = Release|Any CPU
		{55736AB4-282E-45E1-8545-7D8772EC3133}.Release|Any CPU.Build.0 = Release|Any CPU
	EndGlobalSection
	GlobalSection(SolutionProperties) = preSolution
		HideSolutionNode = FALSE
	EndGlobalSection
	GlobalSection(ExtensibilityGlobals) = postSolution
		SolutionGuid = {83E4F3AF-307A-4E08-A874-68CB843110B0}
	EndGlobalSection
EndGlobal
